{
    "_meta": {
        "hash": {
            "sha256": "903a2c62e46c800eb9b76d2e9f21d21a6a94a2b19ff6e805c88983423a372eed"
        },
        "pipfile-spec": 6,
        "requires": {
            "python_version": "3.10"
        },
        "sources": [
            {
                "name": "pypi",
                "url": "https://pypi.org/simple",
                "verify_ssl": true
            }
        ]
    },
    "default": {
        "termcolor": {
            "hashes": [
                "sha256:37b17b5fc1e604945c2642c872a3764b5d547a48009871aea3edd3afa180afb8",
                "sha256:998d8d27da6d48442e8e1f016119076b690d962507531df4890fcd2db2ef8a6f"
            ],
            "index": "pypi",
            "markers": "python_version >= '3.9'",
            "version": "==2.5.0"
        }
    },
    "develop": {}
}
